
Microsoft Visual Studio Solution File, Format Version 12.00
# Visual Studio 15
VisualStudioVersion = 15.0.26730.10
MinimumVisualStudioVersion = 10.0.40219.1
Project("{FAE04EC0-301F-11D3-BF4B-00C04F79EFBC}") = "Employees", "Employees\Employees.csproj", "{3A6CE9F7-E213-4FE5-830D-DC860CE9DA9B}"
EndProject
Project("{FAE04EC0-301F-11D3-BF4B-00C04F79EFBC}") = "Employees.DTO", "Employees.DTO\Employees.DTO.csproj", "{BD0BF03C-8E81-4A92-9493-E96C412BF736}"
EndProject
Project("{FAE04EC0-301F-11D3-BF4B-00C04F79EFBC}") = "Employees.API", "Employees.API\Employees.API.csproj", "{ECF9AC2D-6C7A-45E0-BE95-C0D36207A0FE}"
EndProject
Project("{FAE04EC0-301F-11D3-BF4B-00C04F79EFBC}") = "Employees.Data", "Employees.DATA\Employees.Data.csproj", "{577F2AC5-2131-4910-9BD6-54564DA0FBC8}"
EndProject
Project("{FAE04EC0-301F-11D3-BF4B-00C04F79EFBC}") = "Employees.Service", "Employees.SERVICE\Employees.Service.csproj", "{2E53D996-59E1-4AFF-80F5-AF7CCB1D4FC4}"
EndProject
Global
	GlobalSection(SolutionConfigurationPlatforms) = preSolution
		Debug|Any CPU = Debug|Any CPU
		Release|Any CPU = Release|Any CPU
	EndGlobalSection
	GlobalSection(ProjectConfigurationPlatforms) = postSolution
		{3A6CE9F7-E213-4FE5-830D-DC860CE9DA9B}.Debug|Any CPU.ActiveCfg = Debug|Any CPU
		{3A6CE9F7-E213-4FE5-830D-DC860CE9DA9B}.Debug|Any CPU.Build.0 = Debug|Any CPU
		{3A6CE9F7-E213-4FE5-830D-DC860CE9DA9B}.Release|Any CPU.ActiveCfg = Release|Any CPU
		{3A6CE9F7-E213-4FE5-830D-DC860CE9DA9B}.Release|Any CPU.Build.0 = Release|Any CPU
		{BD0BF03C-8E81-4A92-9493-E96C412BF736}.Debug|Any CPU.ActiveCfg = Debug|Any CPU
		{BD0BF03C-8E81-4A92-9493-E96C412BF736}.Debug|Any CPU.Build.0 = Debug|Any CPU
		{BD0BF03C-8E81-4A92-9493-E96C412BF736}.Release|Any CPU.ActiveCfg = Release|Any CPU
		{BD0BF03C-8E81-4A92-9493-E96C412BF736}.Release|Any CPU.Build.0 = Release|Any CPU
		{ECF9AC2D-6C7A-45E0-BE95-C0D36207A0FE}.Debug|Any CPU.ActiveCfg = Debug|Any CPU
		{ECF9AC2D-6C7A-45E0-BE95-C0D36207A0FE}.Debug|Any CPU.Build.0 = Debug|Any CPU
		{ECF9AC2D-6C7A-45E0-BE95-C0D36207A0FE}.Release|Any CPU.ActiveCfg = Release|Any CPU
		{ECF9AC2D-6C7A-45E0-BE95-C0D36207A0FE}.Release|Any CPU.Build.0 = Release|Any CPU
		{577F2AC5-2131-4910-9BD6-54564DA0FBC8}.Debug|Any CPU.ActiveCfg = Debug|Any CPU
		{577F2AC5-2131-4910-9BD6-54564DA0FBC8}.Debug|Any CPU.Build.0 = Debug|Any CPU
		{577F2AC5-2131-4910-9BD6-54564DA0FBC8}.Release|Any CPU.ActiveCfg = Release|Any CPU
		{577F2AC5-2131-4910-9BD6-54564DA0FBC8}.Release|Any CPU.Build.0 = Release|Any CPU
		{2E53D996-59E1-4AFF-80F5-AF7CCB1D4FC4}.Debug|Any CPU.ActiveCfg = Debug|Any CPU
		{2E53D996-59E1-4AFF-80F5-AF7CCB1D4FC4}.Debug|Any CPU.Build.0 = Debug|Any CPU
		{2E53D996-59E1-4AFF-80F5-AF7CCB1D4FC4}.Release|Any CPU.ActiveCfg = Release|Any CPU
		{2E53D996-59E1-4AFF-80F5-AF7CCB1D4FC4}.Release|Any CPU.Build.0 = Release|Any CPU
	EndGlobalSection
	GlobalSection(SolutionProperties) = preSolution
		HideSolutionNode = FALSE
	EndGlobalSection
	GlobalSection(ExtensibilityGlobals) = postSolution
		SolutionGuid = {D904FE80-B417-4A76-B72A-67B693F2476C}
	EndGlobalSection
EndGlobal
